
Microsoft Visual Studio Solution File, Format Version 12.00
# Visual Studio 2013
Project("{FAE04EC0-301F-11D3-BF4B-00C04F79EFBC}") = "UnityVS.Crystal Ray Unity.CSharp", "UnityVS.Crystal Ray Unity.CSharp.csproj", "{2DD4F17A-DD91-2775-9D52-A6065E08EFAE}"
EndProject
Project("{FAE04EC0-301F-11D3-BF4B-00C04F79EFBC}") = "UnityVS.Crystal Ray Unity.CSharp.Editor", "UnityVS.Crystal Ray Unity.CSharp.Editor.csproj", "{9FAE6F47-2005-5960-B480-EE38EE1470FE}"
EndProject
Global
	GlobalSection(SolutionConfigurationPlatforms) = preSolution
		Debug|Any CPU = Debug|Any CPU
		Release|Any CPU = Release|Any CPU
	EndGlobalSection
	GlobalSection(ProjectConfigurationPlatforms) = postSolution
		{2DD4F17A-DD91-2775-9D52-A6065E08EFAE}.Debug|Any CPU.ActiveCfg = Debug|Any CPU
		{2DD4F17A-DD91-2775-9D52-A6065E08EFAE}.Debug|Any CPU.Build.0 = Debug|Any CPU
		{2DD4F17A-DD91-2775-9D52-A6065E08EFAE}.Release|Any CPU.ActiveCfg = Release|Any CPU
		{2DD4F17A-DD91-2775-9D52-A6065E08EFAE}.Release|Any CPU.Build.0 = Release|Any CPU
		{9FAE6F47-2005-5960-B480-EE38EE1470FE}.Debug|Any CPU.ActiveCfg = Debug|Any CPU
		{9FAE6F47-2005-5960-B480-EE38EE1470FE}.Debug|Any CPU.Build.0 = Debug|Any CPU
		{9FAE6F47-2005-5960-B480-EE38EE1470FE}.Release|Any CPU.ActiveCfg = Release|Any CPU
		{9FAE6F47-2005-5960-B480-EE38EE1470FE}.Release|Any CPU.Build.0 = Release|Any CPU
	EndGlobalSection
	GlobalSection(SolutionProperties) = preSolution
		HideSolutionNode = FALSE
	EndGlobalSection
EndGlobal
