
Microsoft Visual Studio Solution File, Format Version 12.00
# Visual Studio 2013
Project("{FAE04EC0-301F-11D3-BF4B-00C04F79EFBC}") = "UnityVS.WIP Crystal Ray.CSharp", "UnityVS.WIP Crystal Ray.CSharp.csproj", "{69F7FCCB-C1E8-7723-D9DD-3A518E1BE90A}"
EndProject
Project("{FAE04EC0-301F-11D3-BF4B-00C04F79EFBC}") = "UnityVS.WIP Crystal Ray.CSharp.Editor", "UnityVS.WIP Crystal Ray.CSharp.Editor.csproj", "{B7804D93-C160-91CC-5306-B6458C892566}"
EndProject
Global
	GlobalSection(SolutionConfigurationPlatforms) = preSolution
		Debug|Any CPU = Debug|Any CPU
		Release|Any CPU = Release|Any CPU
	EndGlobalSection
	GlobalSection(ProjectConfigurationPlatforms) = postSolution
		{69F7FCCB-C1E8-7723-D9DD-3A518E1BE90A}.Debug|Any CPU.ActiveCfg = Debug|Any CPU
		{69F7FCCB-C1E8-7723-D9DD-3A518E1BE90A}.Debug|Any CPU.Build.0 = Debug|Any CPU
		{69F7FCCB-C1E8-7723-D9DD-3A518E1BE90A}.Release|Any CPU.ActiveCfg = Release|Any CPU
		{69F7FCCB-C1E8-7723-D9DD-3A518E1BE90A}.Release|Any CPU.Build.0 = Release|Any CPU
		{B7804D93-C160-91CC-5306-B6458C892566}.Debug|Any CPU.ActiveCfg = Debug|Any CPU
		{B7804D93-C160-91CC-5306-B6458C892566}.Debug|Any CPU.Build.0 = Debug|Any CPU
		{B7804D93-C160-91CC-5306-B6458C892566}.Release|Any CPU.ActiveCfg = Release|Any CPU
		{B7804D93-C160-91CC-5306-B6458C892566}.Release|Any CPU.Build.0 = Release|Any CPU
	EndGlobalSection
	GlobalSection(SolutionProperties) = preSolution
		HideSolutionNode = FALSE
	EndGlobalSection
EndGlobal
