Microsoft Visual Studio Solution File, Format Version 11.00
# Visual Studio 2008

Project("{9A0F1683-189C-B20E-7D90-45EE843E4F62}") = "WIP Crystal Ray - Jade", "Assembly-CSharp-vs.csproj", "{6BDDBFFA-D66D-8B92-526F-7F1E4FCB3041}"
EndProject
Project("{9A0F1683-189C-B20E-7D90-45EE843E4F62}") = "WIP Crystal Ray - Jade", "Assembly-CSharp-Editor-vs.csproj", "{189F34EE-3CA8-6921-516F-34711850D058}"
EndProject
Global
	GlobalSection(SolutionConfigurationPlatforms) = preSolution
		Debug|Any CPU = Debug|Any CPU
		Release|Any CPU = Release|Any CPU
	EndGlobalSection
	GlobalSection(ProjectConfigurationPlatforms) = postSolution
		{6BDDBFFA-D66D-8B92-526F-7F1E4FCB3041}.Debug|Any CPU.ActiveCfg = Debug|Any CPU
		{6BDDBFFA-D66D-8B92-526F-7F1E4FCB3041}.Debug|Any CPU.Build.0 = Debug|Any CPU
		{6BDDBFFA-D66D-8B92-526F-7F1E4FCB3041}.Release|Any CPU.ActiveCfg = Release|Any CPU
		{6BDDBFFA-D66D-8B92-526F-7F1E4FCB3041}.Release|Any CPU.Build.0 = Release|Any CPU
		{189F34EE-3CA8-6921-516F-34711850D058}.Debug|Any CPU.ActiveCfg = Debug|Any CPU
		{189F34EE-3CA8-6921-516F-34711850D058}.Debug|Any CPU.Build.0 = Debug|Any CPU
		{189F34EE-3CA8-6921-516F-34711850D058}.Release|Any CPU.ActiveCfg = Release|Any CPU
		{189F34EE-3CA8-6921-516F-34711850D058}.Release|Any CPU.Build.0 = Release|Any CPU
	EndGlobalSection
	GlobalSection(SolutionProperties) = preSolution
		HideSolutionNode = FALSE
	EndGlobalSection
		GlobalSection(MonoDevelopProperties) = preSolution
		StartupItem = Assembly-CSharp.csproj
		Policies = $0
		$0.TextStylePolicy = $1
		$1.inheritsSet = null
		$1.scope = text/x-csharp
		$0.CSharpFormattingPolicy = $2
		$2.inheritsSet = Mono
		$2.inheritsScope = text/x-csharp
		$2.scope = text/x-csharp
		$0.TextStylePolicy = $3
		$3.FileWidth = 120
		$3.TabWidth = 4
		$3.EolMarker = Unix
		$3.inheritsSet = Mono
		$3.inheritsScope = text/plain
		$3.scope = text/plain
	EndGlobalSection

EndGlobal
